
Microsoft Visual Studio Solution File, Format Version 12.00
# Visual Studio Version 17
VisualStudioVersion = 17.11.35111.106
MinimumVisualStudioVersion = 10.0.40219.1
Project("{FAE04EC0-301F-11D3-BF4B-00C04F79EFBC}") = "CSharpBase", "CSharpBase.csproj", "{D1FDA72A-7FA9-45C2-93DE-F60ACAC79881}"
EndProject
Project("{2150E333-8FDC-42A3-9474-1A3956D46DE8}") = "DesignPatterns", "DesignPatterns", "{E698850B-C207-4405-AC09-D2650EAF39A8}"
EndProject
Project("{FAE04EC0-301F-11D3-BF4B-00C04F79EFBC}") = "MediatorPattern", "..\MediatorPattern\MediatorPattern.csproj", "{7D7EFA80-31EA-438C-B7C1-B47990228589}"
EndProject
Project("{FAE04EC0-301F-11D3-BF4B-00C04F79EFBC}") = "ObserverPattern", "..\ObserverPattern\ObserverPattern.csproj", "{A980BCA9-D73F-4960-BF6B-B69E39905C7A}"
EndProject
Project("{FAE04EC0-301F-11D3-BF4B-00C04F79EFBC}") = "CommandPattern", "..\CommandPattern\CommandPattern.csproj", "{694DDD8A-7E1A-4B39-9054-296999C760E9}"
EndProject
Project("{FAE04EC0-301F-11D3-BF4B-00C04F79EFBC}") = "Example1", "..\Example1\Example1.csproj", "{4FD94B51-DFB9-4466-985E-B390ACC9FC79}"
EndProject
Project("{FAE04EC0-301F-11D3-BF4B-00C04F79EFBC}") = "ChainOfResponsibilityPattern", "..\ChainOfResponsibilityPattern\ChainOfResponsibilityPattern.csproj", "{A7C5019D-1ADA-4B1C-A821-ABC8F0B235D0}"
EndProject
Project("{FAE04EC0-301F-11D3-BF4B-00C04F79EFBC}") = "StrategyPattern", "..\StrategyPattern\StrategyPattern.csproj", "{737D4631-AAC0-46E4-BA42-423B79AA11EF}"
EndProject
Project("{FAE04EC0-301F-11D3-BF4B-00C04F79EFBC}") = "StatePattern", "..\StatePattern\StatePattern.csproj", "{75B99E23-9619-4EAA-B5ED-51B733E334FC}"
EndProject
Project("{FAE04EC0-301F-11D3-BF4B-00C04F79EFBC}") = "TemplatePattern", "..\TemplatePattern\TemplatePattern.csproj", "{5AB9975F-1DDB-48C9-A19A-8AEDD4D87FF3}"
EndProject
Project("{FAE04EC0-301F-11D3-BF4B-00C04F79EFBC}") = "VisitorPattern", "..\VisitorPattern\VisitorPattern.csproj", "{6944B6EB-FC5C-4EB7-8D09-B36B8A2F98DB}"
EndProject
Project("{FAE04EC0-301F-11D3-BF4B-00C04F79EFBC}") = "InterpreterPattern", "..\InterpreterPattern\InterpreterPattern.csproj", "{24C7A07D-02DD-4048-9798-43C03779B336}"
EndProject
Project("{FAE04EC0-301F-11D3-BF4B-00C04F79EFBC}") = "MementoPattern", "..\MementoPattern\MementoPattern.csproj", "{E97A5896-A572-4F9D-8EA5-AEA726AACEC0}"
EndProject
Project("{FAE04EC0-301F-11D3-BF4B-00C04F79EFBC}") = "IteratorPattern", "..\IteratorPattern\IteratorPattern.csproj", "{F38D0141-7725-4CC6-AC40-26867D02AC6B}"
EndProject
Project("{2150E333-8FDC-42A3-9474-1A3956D46DE8}") = "BehavioralPatterns", "BehavioralPatterns", "{60C73BD8-7CF3-4245-BB25-18B2462CC58A}"
EndProject
Project("{2150E333-8FDC-42A3-9474-1A3956D46DE8}") = "StructuralPatterns", "StructuralPatterns", "{B2D56BFE-5507-4684-8ABB-E16C5092EDC8}"
EndProject
Project("{FAE04EC0-301F-11D3-BF4B-00C04F79EFBC}") = "AdapterPattern", "..\AdapterPattern\AdapterPattern.csproj", "{3404C736-6644-4EF3-8BB5-0CACBF279D23}"
EndProject
Project("{FAE04EC0-301F-11D3-BF4B-00C04F79EFBC}") = "BridgePattern", "..\BridgePattern\BridgePattern.csproj", "{9FBD081D-7B6A-41DB-8D0E-8518C1AF2A7C}"
EndProject
Project("{FAE04EC0-301F-11D3-BF4B-00C04F79EFBC}") = "CompositePattern", "..\CompositePattern\CompositePattern.csproj", "{0D498339-7D6D-4C37-AF3F-FB45E9A4E7B2}"
EndProject
Project("{FAE04EC0-301F-11D3-BF4B-00C04F79EFBC}") = "DecoratorPattern", "..\DecoratorPattern\DecoratorPattern.csproj", "{311A4C71-EF80-48FE-9B77-5C6354D8107D}"
EndProject
Project("{FAE04EC0-301F-11D3-BF4B-00C04F79EFBC}") = "FacadePattern", "..\FacadePattern\FacadePattern.csproj", "{844C126D-E9BB-4014-82BA-7B5C257906F7}"
EndProject
Project("{FAE04EC0-301F-11D3-BF4B-00C04F79EFBC}") = "FlyweightPattern", "..\FlyweightPattern\FlyweightPattern.csproj", "{0D5AFF14-CC81-4745-ABBC-2A5C4456B1A6}"
EndProject
Project("{FAE04EC0-301F-11D3-BF4B-00C04F79EFBC}") = "ProxyPattern", "..\ProxyPattern\ProxyPattern.csproj", "{E8039FA1-5842-408C-8CA3-168D83D5C414}"
EndProject
Global
	GlobalSection(SolutionConfigurationPlatforms) = preSolution
		Debug|Any CPU = Debug|Any CPU
		Release|Any CPU = Release|Any CPU
	EndGlobalSection
	GlobalSection(ProjectConfigurationPlatforms) = postSolution
		{D1FDA72A-7FA9-45C2-93DE-F60ACAC79881}.Debug|Any CPU.ActiveCfg = Debug|Any CPU
		{D1FDA72A-7FA9-45C2-93DE-F60ACAC79881}.Debug|Any CPU.Build.0 = Debug|Any CPU
		{D1FDA72A-7FA9-45C2-93DE-F60ACAC79881}.Release|Any CPU.ActiveCfg = Release|Any CPU
		{D1FDA72A-7FA9-45C2-93DE-F60ACAC79881}.Release|Any CPU.Build.0 = Release|Any CPU
		{7D7EFA80-31EA-438C-B7C1-B47990228589}.Debug|Any CPU.ActiveCfg = Debug|Any CPU
		{7D7EFA80-31EA-438C-B7C1-B47990228589}.Debug|Any CPU.Build.0 = Debug|Any CPU
		{7D7EFA80-31EA-438C-B7C1-B47990228589}.Release|Any CPU.ActiveCfg = Release|Any CPU
		{7D7EFA80-31EA-438C-B7C1-B47990228589}.Release|Any CPU.Build.0 = Release|Any CPU
		{A980BCA9-D73F-4960-BF6B-B69E39905C7A}.Debug|Any CPU.ActiveCfg = Debug|Any CPU
		{A980BCA9-D73F-4960-BF6B-B69E39905C7A}.Debug|Any CPU.Build.0 = Debug|Any CPU
		{A980BCA9-D73F-4960-BF6B-B69E39905C7A}.Release|Any CPU.ActiveCfg = Release|Any CPU
		{A980BCA9-D73F-4960-BF6B-B69E39905C7A}.Release|Any CPU.Build.0 = Release|Any CPU
		{694DDD8A-7E1A-4B39-9054-296999C760E9}.Debug|Any CPU.ActiveCfg = Debug|Any CPU
		{694DDD8A-7E1A-4B39-9054-296999C760E9}.Debug|Any CPU.Build.0 = Debug|Any CPU
		{694DDD8A-7E1A-4B39-9054-296999C760E9}.Release|Any CPU.ActiveCfg = Release|Any CPU
		{694DDD8A-7E1A-4B39-9054-296999C760E9}.Release|Any CPU.Build.0 = Release|Any CPU
		{4FD94B51-DFB9-4466-985E-B390ACC9FC79}.Debug|Any CPU.ActiveCfg = Debug|Any CPU
		{4FD94B51-DFB9-4466-985E-B390ACC9FC79}.Debug|Any CPU.Build.0 = Debug|Any CPU
		{4FD94B51-DFB9-4466-985E-B390ACC9FC79}.Release|Any CPU.ActiveCfg = Release|Any CPU
		{4FD94B51-DFB9-4466-985E-B390ACC9FC79}.Release|Any CPU.Build.0 = Release|Any CPU
		{A7C5019D-1ADA-4B1C-A821-ABC8F0B235D0}.Debug|Any CPU.ActiveCfg = Debug|Any CPU
		{A7C5019D-1ADA-4B1C-A821-ABC8F0B235D0}.Debug|Any CPU.Build.0 = Debug|Any CPU
		{A7C5019D-1ADA-4B1C-A821-ABC8F0B235D0}.Release|Any CPU.ActiveCfg = Release|Any CPU
		{A7C5019D-1ADA-4B1C-A821-ABC8F0B235D0}.Release|Any CPU.Build.0 = Release|Any CPU
		{737D4631-AAC0-46E4-BA42-423B79AA11EF}.Debug|Any CPU.ActiveCfg = Debug|Any CPU
		{737D4631-AAC0-46E4-BA42-423B79AA11EF}.Debug|Any CPU.Build.0 = Debug|Any CPU
		{737D4631-AAC0-46E4-BA42-423B79AA11EF}.Release|Any CPU.ActiveCfg = Release|Any CPU
		{737D4631-AAC0-46E4-BA42-423B79AA11EF}.Release|Any CPU.Build.0 = Release|Any CPU
		{75B99E23-9619-4EAA-B5ED-51B733E334FC}.Debug|Any CPU.ActiveCfg = Debug|Any CPU
		{75B99E23-9619-4EAA-B5ED-51B733E334FC}.Debug|Any CPU.Build.0 = Debug|Any CPU
		{75B99E23-9619-4EAA-B5ED-51B733E334FC}.Release|Any CPU.ActiveCfg = Release|Any CPU
		{75B99E23-9619-4EAA-B5ED-51B733E334FC}.Release|Any CPU.Build.0 = Release|Any CPU
		{5AB9975F-1DDB-48C9-A19A-8AEDD4D87FF3}.Debug|Any CPU.ActiveCfg = Debug|Any CPU
		{5AB9975F-1DDB-48C9-A19A-8AEDD4D87FF3}.Debug|Any CPU.Build.0 = Debug|Any CPU
		{5AB9975F-1DDB-48C9-A19A-8AEDD4D87FF3}.Release|Any CPU.ActiveCfg = Release|Any CPU
		{5AB9975F-1DDB-48C9-A19A-8AEDD4D87FF3}.Release|Any CPU.Build.0 = Release|Any CPU
		{6944B6EB-FC5C-4EB7-8D09-B36B8A2F98DB}.Debug|Any CPU.ActiveCfg = Debug|Any CPU
		{6944B6EB-FC5C-4EB7-8D09-B36B8A2F98DB}.Debug|Any CPU.Build.0 = Debug|Any CPU
		{6944B6EB-FC5C-4EB7-8D09-B36B8A2F98DB}.Release|Any CPU.ActiveCfg = Release|Any CPU
		{6944B6EB-FC5C-4EB7-8D09-B36B8A2F98DB}.Release|Any CPU.Build.0 = Release|Any CPU
		{24C7A07D-02DD-4048-9798-43C03779B336}.Debug|Any CPU.ActiveCfg = Debug|Any CPU
		{24C7A07D-02DD-4048-9798-43C03779B336}.Debug|Any CPU.Build.0 = Debug|Any CPU
		{24C7A07D-02DD-4048-9798-43C03779B336}.Release|Any CPU.ActiveCfg = Release|Any CPU
		{24C7A07D-02DD-4048-9798-43C03779B336}.Release|Any CPU.Build.0 = Release|Any CPU
		{E97A5896-A572-4F9D-8EA5-AEA726AACEC0}.Debug|Any CPU.ActiveCfg = Debug|Any CPU
		{E97A5896-A572-4F9D-8EA5-AEA726AACEC0}.Debug|Any CPU.Build.0 = Debug|Any CPU
		{E97A5896-A572-4F9D-8EA5-AEA726AACEC0}.Release|Any CPU.ActiveCfg = Release|Any CPU
		{E97A5896-A572-4F9D-8EA5-AEA726AACEC0}.Release|Any CPU.Build.0 = Release|Any CPU
		{F38D0141-7725-4CC6-AC40-26867D02AC6B}.Debug|Any CPU.ActiveCfg = Debug|Any CPU
		{F38D0141-7725-4CC6-AC40-26867D02AC6B}.Debug|Any CPU.Build.0 = Debug|Any CPU
		{F38D0141-7725-4CC6-AC40-26867D02AC6B}.Release|Any CPU.ActiveCfg = Release|Any CPU
		{F38D0141-7725-4CC6-AC40-26867D02AC6B}.Release|Any CPU.Build.0 = Release|Any CPU
		{3404C736-6644-4EF3-8BB5-0CACBF279D23}.Debug|Any CPU.ActiveCfg = Debug|Any CPU
		{3404C736-6644-4EF3-8BB5-0CACBF279D23}.Debug|Any CPU.Build.0 = Debug|Any CPU
		{3404C736-6644-4EF3-8BB5-0CACBF279D23}.Release|Any CPU.ActiveCfg = Release|Any CPU
		{3404C736-6644-4EF3-8BB5-0CACBF279D23}.Release|Any CPU.Build.0 = Release|Any CPU
		{9FBD081D-7B6A-41DB-8D0E-8518C1AF2A7C}.Debug|Any CPU.ActiveCfg = Debug|Any CPU
		{9FBD081D-7B6A-41DB-8D0E-8518C1AF2A7C}.Debug|Any CPU.Build.0 = Debug|Any CPU
		{9FBD081D-7B6A-41DB-8D0E-8518C1AF2A7C}.Release|Any CPU.ActiveCfg = Release|Any CPU
		{9FBD081D-7B6A-41DB-8D0E-8518C1AF2A7C}.Release|Any CPU.Build.0 = Release|Any CPU
		{0D498339-7D6D-4C37-AF3F-FB45E9A4E7B2}.Debug|Any CPU.ActiveCfg = Debug|Any CPU
		{0D498339-7D6D-4C37-AF3F-FB45E9A4E7B2}.Debug|Any CPU.Build.0 = Debug|Any CPU
		{0D498339-7D6D-4C37-AF3F-FB45E9A4E7B2}.Release|Any CPU.ActiveCfg = Release|Any CPU
		{0D498339-7D6D-4C37-AF3F-FB45E9A4E7B2}.Release|Any CPU.Build.0 = Release|Any CPU
		{311A4C71-EF80-48FE-9B77-5C6354D8107D}.Debug|Any CPU.ActiveCfg = Debug|Any CPU
		{311A4C71-EF80-48FE-9B77-5C6354D8107D}.Debug|Any CPU.Build.0 = Debug|Any CPU
		{311A4C71-EF80-48FE-9B77-5C6354D8107D}.Release|Any CPU.ActiveCfg = Release|Any CPU
		{311A4C71-EF80-48FE-9B77-5C6354D8107D}.Release|Any CPU.Build.0 = Release|Any CPU
		{844C126D-E9BB-4014-82BA-7B5C257906F7}.Debug|Any CPU.ActiveCfg = Debug|Any CPU
		{844C126D-E9BB-4014-82BA-7B5C257906F7}.Debug|Any CPU.Build.0 = Debug|Any CPU
		{844C126D-E9BB-4014-82BA-7B5C257906F7}.Release|Any CPU.ActiveCfg = Release|Any CPU
		{844C126D-E9BB-4014-82BA-7B5C257906F7}.Release|Any CPU.Build.0 = Release|Any CPU
		{0D5AFF14-CC81-4745-ABBC-2A5C4456B1A6}.Debug|Any CPU.ActiveCfg = Debug|Any CPU
		{0D5AFF14-CC81-4745-ABBC-2A5C4456B1A6}.Debug|Any CPU.Build.0 = Debug|Any CPU
		{0D5AFF14-CC81-4745-ABBC-2A5C4456B1A6}.Release|Any CPU.ActiveCfg = Release|Any CPU
		{0D5AFF14-CC81-4745-ABBC-2A5C4456B1A6}.Release|Any CPU.Build.0 = Release|Any CPU
		{E8039FA1-5842-408C-8CA3-168D83D5C414}.Debug|Any CPU.ActiveCfg = Debug|Any CPU
		{E8039FA1-5842-408C-8CA3-168D83D5C414}.Debug|Any CPU.Build.0 = Debug|Any CPU
		{E8039FA1-5842-408C-8CA3-168D83D5C414}.Release|Any CPU.ActiveCfg = Release|Any CPU
		{E8039FA1-5842-408C-8CA3-168D83D5C414}.Release|Any CPU.Build.0 = Release|Any CPU
	EndGlobalSection
	GlobalSection(SolutionProperties) = preSolution
		HideSolutionNode = FALSE
	EndGlobalSection
	GlobalSection(NestedProjects) = preSolution
		{7D7EFA80-31EA-438C-B7C1-B47990228589} = {60C73BD8-7CF3-4245-BB25-18B2462CC58A}
		{A980BCA9-D73F-4960-BF6B-B69E39905C7A} = {60C73BD8-7CF3-4245-BB25-18B2462CC58A}
		{694DDD8A-7E1A-4B39-9054-296999C760E9} = {60C73BD8-7CF3-4245-BB25-18B2462CC58A}
		{4FD94B51-DFB9-4466-985E-B390ACC9FC79} = {60C73BD8-7CF3-4245-BB25-18B2462CC58A}
		{A7C5019D-1ADA-4B1C-A821-ABC8F0B235D0} = {60C73BD8-7CF3-4245-BB25-18B2462CC58A}
		{737D4631-AAC0-46E4-BA42-423B79AA11EF} = {60C73BD8-7CF3-4245-BB25-18B2462CC58A}
		{75B99E23-9619-4EAA-B5ED-51B733E334FC} = {60C73BD8-7CF3-4245-BB25-18B2462CC58A}
		{5AB9975F-1DDB-48C9-A19A-8AEDD4D87FF3} = {60C73BD8-7CF3-4245-BB25-18B2462CC58A}
		{6944B6EB-FC5C-4EB7-8D09-B36B8A2F98DB} = {60C73BD8-7CF3-4245-BB25-18B2462CC58A}
		{24C7A07D-02DD-4048-9798-43C03779B336} = {60C73BD8-7CF3-4245-BB25-18B2462CC58A}
		{E97A5896-A572-4F9D-8EA5-AEA726AACEC0} = {60C73BD8-7CF3-4245-BB25-18B2462CC58A}
		{F38D0141-7725-4CC6-AC40-26867D02AC6B} = {60C73BD8-7CF3-4245-BB25-18B2462CC58A}
		{60C73BD8-7CF3-4245-BB25-18B2462CC58A} = {E698850B-C207-4405-AC09-D2650EAF39A8}
		{B2D56BFE-5507-4684-8ABB-E16C5092EDC8} = {E698850B-C207-4405-AC09-D2650EAF39A8}
		{3404C736-6644-4EF3-8BB5-0CACBF279D23} = {B2D56BFE-5507-4684-8ABB-E16C5092EDC8}
		{9FBD081D-7B6A-41DB-8D0E-8518C1AF2A7C} = {B2D56BFE-5507-4684-8ABB-E16C5092EDC8}
		{0D498339-7D6D-4C37-AF3F-FB45E9A4E7B2} = {B2D56BFE-5507-4684-8ABB-E16C5092EDC8}
		{311A4C71-EF80-48FE-9B77-5C6354D8107D} = {B2D56BFE-5507-4684-8ABB-E16C5092EDC8}
		{844C126D-E9BB-4014-82BA-7B5C257906F7} = {B2D56BFE-5507-4684-8ABB-E16C5092EDC8}
		{0D5AFF14-CC81-4745-ABBC-2A5C4456B1A6} = {B2D56BFE-5507-4684-8ABB-E16C5092EDC8}
		{E8039FA1-5842-408C-8CA3-168D83D5C414} = {B2D56BFE-5507-4684-8ABB-E16C5092EDC8}
	EndGlobalSection
	GlobalSection(ExtensibilityGlobals) = postSolution
		SolutionGuid = {5ACDE6E3-3ED4-434B-BDF3-AA55600B9E76}
	EndGlobalSection
EndGlobal
